
Microsoft Visual Studio Solution File, Format Version 12.00
# Visual Studio Version 16
VisualStudioVersion = 16.0.30413.136
MinimumVisualStudioVersion = 10.0.40219.1
Project("{FAE04EC0-301F-11D3-BF4B-00C04F79EFBC}") = "Week6Functions", "Week6Functions\Week6Functions.csproj", "{4631786C-0E2C-44FB-A44A-7E8815849682}"
EndProject
Project("{FAE04EC0-301F-11D3-BF4B-00C04F79EFBC}") = "Params", "Params\Params.csproj", "{450DC150-A41D-4DDC-99AC-8EB0B7776F2D}"
EndProject
Global
	GlobalSection(SolutionConfigurationPlatforms) = preSolution
		Debug|Any CPU = Debug|Any CPU
		Release|Any CPU = Release|Any CPU
	EndGlobalSection
	GlobalSection(ProjectConfigurationPlatforms) = postSolution
		{4631786C-0E2C-44FB-A44A-7E8815849682}.Debug|Any CPU.ActiveCfg = Debug|Any CPU
		{4631786C-0E2C-44FB-A44A-7E8815849682}.Debug|Any CPU.Build.0 = Debug|Any CPU
		{4631786C-0E2C-44FB-A44A-7E8815849682}.Release|Any CPU.ActiveCfg = Release|Any CPU
		{4631786C-0E2C-44FB-A44A-7E8815849682}.Release|Any CPU.Build.0 = Release|Any CPU
		{450DC150-A41D-4DDC-99AC-8EB0B7776F2D}.Debug|Any CPU.ActiveCfg = Debug|Any CPU
		{450DC150-A41D-4DDC-99AC-8EB0B7776F2D}.Debug|Any CPU.Build.0 = Debug|Any CPU
		{450DC150-A41D-4DDC-99AC-8EB0B7776F2D}.Release|Any CPU.ActiveCfg = Release|Any CPU
		{450DC150-A41D-4DDC-99AC-8EB0B7776F2D}.Release|Any CPU.Build.0 = Release|Any CPU
	EndGlobalSection
	GlobalSection(SolutionProperties) = preSolution
		HideSolutionNode = FALSE
	EndGlobalSection
	GlobalSection(ExtensibilityGlobals) = postSolution
		SolutionGuid = {FCDCC902-5E7D-4474-8B61-88354FA7B6CE}
	EndGlobalSection
EndGlobal
